
Microsoft Visual Studio Solution File, Format Version 12.00
# Visual Studio Version 17
VisualStudioVersion = 17.3.32922.545
MinimumVisualStudioVersion = 10.0.40219.1
Project("{8BC9CEB8-8B4A-11D0-8D11-00A0C91BC942}") = "Inei gráfico vertical", "Inei gráfico vertical\Inei gráfico vertical.vcxproj", "{D067808F-BF3A-412B-BEDB-7C5DA1BB4EE6}"
EndProject
Project("{8BC9CEB8-8B4A-11D0-8D11-00A0C91BC942}") = "GRAFICOS", "..\GRAFICOS\GRAFICOS.vcxproj", "{F7F1B4CA-7647-41DB-A8D6-854086BB3B1E}"
EndProject
Global
	GlobalSection(SolutionConfigurationPlatforms) = preSolution
		Debug|x64 = Debug|x64
		Debug|x86 = Debug|x86
		Release|x64 = Release|x64
		Release|x86 = Release|x86
	EndGlobalSection
	GlobalSection(ProjectConfigurationPlatforms) = postSolution
		{D067808F-BF3A-412B-BEDB-7C5DA1BB4EE6}.Debug|x64.ActiveCfg = Debug|x64
		{D067808F-BF3A-412B-BEDB-7C5DA1BB4EE6}.Debug|x64.Build.0 = Debug|x64
		{D067808F-BF3A-412B-BEDB-7C5DA1BB4EE6}.Debug|x86.ActiveCfg = Debug|Win32
		{D067808F-BF3A-412B-BEDB-7C5DA1BB4EE6}.Debug|x86.Build.0 = Debug|Win32
		{D067808F-BF3A-412B-BEDB-7C5DA1BB4EE6}.Release|x64.ActiveCfg = Release|x64
		{D067808F-BF3A-412B-BEDB-7C5DA1BB4EE6}.Release|x64.Build.0 = Release|x64
		{D067808F-BF3A-412B-BEDB-7C5DA1BB4EE6}.Release|x86.ActiveCfg = Release|Win32
		{D067808F-BF3A-412B-BEDB-7C5DA1BB4EE6}.Release|x86.Build.0 = Release|Win32
		{F7F1B4CA-7647-41DB-A8D6-854086BB3B1E}.Debug|x64.ActiveCfg = Debug|x64
		{F7F1B4CA-7647-41DB-A8D6-854086BB3B1E}.Debug|x64.Build.0 = Debug|x64
		{F7F1B4CA-7647-41DB-A8D6-854086BB3B1E}.Debug|x86.ActiveCfg = Debug|Win32
		{F7F1B4CA-7647-41DB-A8D6-854086BB3B1E}.Debug|x86.Build.0 = Debug|Win32
		{F7F1B4CA-7647-41DB-A8D6-854086BB3B1E}.Release|x64.ActiveCfg = Release|x64
		{F7F1B4CA-7647-41DB-A8D6-854086BB3B1E}.Release|x64.Build.0 = Release|x64
		{F7F1B4CA-7647-41DB-A8D6-854086BB3B1E}.Release|x86.ActiveCfg = Release|Win32
		{F7F1B4CA-7647-41DB-A8D6-854086BB3B1E}.Release|x86.Build.0 = Release|Win32
	EndGlobalSection
	GlobalSection(SolutionProperties) = preSolution
		HideSolutionNode = FALSE
	EndGlobalSection
	GlobalSection(ExtensibilityGlobals) = postSolution
		SolutionGuid = {9912ED58-A313-4D10-B6DA-7E365D4CB757}
	EndGlobalSection
EndGlobal
